
Microsoft Visual Studio Solution File, Format Version 12.00
# Visual Studio Version 17
VisualStudioVersion = 17.11.35222.181
MinimumVisualStudioVersion = 10.0.40219.1
Project("{9A19103F-16F7-4668-BE54-9A1E7A4F7556}") = "AiTrainer.Web.Api", "AiTrainer.Web.Api\AiTrainer.Web.Api.csproj", "{A376E1EB-19CF-410D-809C-ABA7B7B631A1}"
EndProject
Project("{9A19103F-16F7-4668-BE54-9A1E7A4F7556}") = "AiTrainer.Web.Persistence", "AiTrainer.Web.Persistence\AiTrainer.Web.Persistence.csproj", "{A636CAF2-8FD9-4590-9B0A-86DCEDB6E5BE}"
EndProject
Project("{9A19103F-16F7-4668-BE54-9A1E7A4F7556}") = "AiTrainer.Web.CoreClient", "AiTrainer.Web.CoreClient\AiTrainer.Web.CoreClient.csproj", "{704C7E7F-0A92-447D-B4D8-22CEBA2C3B4D}"
EndProject
Project("{2150E333-8FDC-42A3-9474-1A3956D46DE8}") = "Submodules", "Submodules", "{EF0EB3D7-CD7B-4677-91BB-198AFBF7B1DD}"
EndProject
Project("{9A19103F-16F7-4668-BE54-9A1E7A4F7556}") = "BT.Common.OperationTimer", "..\Submodules\BT\src\BT.Common\BT.Common.OperationTimer\BT.Common.OperationTimer.csproj", "{CF84B3A7-2EE7-4208-9CFA-0D2F72DA8C46}"
EndProject
Project("{9A19103F-16F7-4668-BE54-9A1E7A4F7556}") = "BT.Common.FastArray", "..\Submodules\BT\src\BT.Common\BT.Common.FastArray\BT.Common.FastArray.csproj", "{DDB6B9E8-39B5-4D80-AF01-49157178D7A9}"
EndProject
Project("{9A19103F-16F7-4668-BE54-9A1E7A4F7556}") = "AiTrainer.Web.Common", "AiTrainer.Web.Common\AiTrainer.Web.Common.csproj", "{C2BD5581-D312-4CC1-828D-83BF33491FCD}"
EndProject
Project("{9A19103F-16F7-4668-BE54-9A1E7A4F7556}") = "BT.Common.Helpers", "..\Submodules\BT\src\BT.Common\BT.Common.Helpers\BT.Common.Helpers.csproj", "{839DE74E-EC72-41FC-AC60-AE7DF48C0B82}"
EndProject
Project("{9A19103F-16F7-4668-BE54-9A1E7A4F7556}") = "AiTrainer.Web.Domain.Services", "AiTrainer.Web.Domain.Services\AiTrainer.Web.Domain.Services.csproj", "{F07E8E7D-75AE-47CB-A628-6F612BFADA00}"
EndProject
Project("{9A19103F-16F7-4668-BE54-9A1E7A4F7556}") = "AiTrainer.Web.UserInfoClient", "AiTrainer.Web.UserInfoClient\AiTrainer.Web.UserInfoClient.csproj", "{2422D7EE-EE47-41ED-95F5-09C233B06E74}"
EndProject
Project("{9A19103F-16F7-4668-BE54-9A1E7A4F7556}") = "AiTrainer.Web.Domain.Models", "AiTrainer.Web.Domain.Models\AiTrainer.Web.Domain.Models.csproj", "{7B89EE7B-7DD6-4FF7-8820-E4ECAA2EAF8E}"
EndProject
Project("{2150E333-8FDC-42A3-9474-1A3956D46DE8}") = "Tests", "Tests", "{B217D078-5937-47CF-9CA3-8C5443E7F9BF}"
EndProject
Project("{9A19103F-16F7-4668-BE54-9A1E7A4F7556}") = "AiTrainer.Web.Domain.Services.Tests", "AiTrainer.Web.Domain.Services.Tests\AiTrainer.Web.Domain.Services.Tests.csproj", "{866D229F-6546-4445-9F4C-7DCF19D1DB94}"
EndProject
Project("{FAE04EC0-301F-11D3-BF4B-00C04F79EFBC}") = "AiTrainer.Web.TestBase", "AiTrainer.Web.TestBase\AiTrainer.Web.TestBase.csproj", "{20A83B6F-5165-4938-BF00-4F357CB03C87}"
EndProject
Project("{FAE04EC0-301F-11D3-BF4B-00C04F79EFBC}") = "BT.Common.HttpClient", "..\Submodules\BT\src\BT.Common\BT.Common.HttpClient\BT.Common.HttpClient.csproj", "{EB3E5F36-9BE8-4031-A011-0A19E4EDC811}"
EndProject
Global
	GlobalSection(SolutionConfigurationPlatforms) = preSolution
		Debug|Any CPU = Debug|Any CPU
		Release|Any CPU = Release|Any CPU
	EndGlobalSection
	GlobalSection(ProjectConfigurationPlatforms) = postSolution
		{A376E1EB-19CF-410D-809C-ABA7B7B631A1}.Debug|Any CPU.ActiveCfg = Debug|Any CPU
		{A376E1EB-19CF-410D-809C-ABA7B7B631A1}.Debug|Any CPU.Build.0 = Debug|Any CPU
		{A376E1EB-19CF-410D-809C-ABA7B7B631A1}.Release|Any CPU.ActiveCfg = Release|Any CPU
		{A376E1EB-19CF-410D-809C-ABA7B7B631A1}.Release|Any CPU.Build.0 = Release|Any CPU
		{A636CAF2-8FD9-4590-9B0A-86DCEDB6E5BE}.Debug|Any CPU.ActiveCfg = Debug|Any CPU
		{A636CAF2-8FD9-4590-9B0A-86DCEDB6E5BE}.Debug|Any CPU.Build.0 = Debug|Any CPU
		{A636CAF2-8FD9-4590-9B0A-86DCEDB6E5BE}.Release|Any CPU.ActiveCfg = Release|Any CPU
		{A636CAF2-8FD9-4590-9B0A-86DCEDB6E5BE}.Release|Any CPU.Build.0 = Release|Any CPU
		{704C7E7F-0A92-447D-B4D8-22CEBA2C3B4D}.Debug|Any CPU.ActiveCfg = Debug|Any CPU
		{704C7E7F-0A92-447D-B4D8-22CEBA2C3B4D}.Debug|Any CPU.Build.0 = Debug|Any CPU
		{704C7E7F-0A92-447D-B4D8-22CEBA2C3B4D}.Release|Any CPU.ActiveCfg = Release|Any CPU
		{704C7E7F-0A92-447D-B4D8-22CEBA2C3B4D}.Release|Any CPU.Build.0 = Release|Any CPU
		{CF84B3A7-2EE7-4208-9CFA-0D2F72DA8C46}.Debug|Any CPU.ActiveCfg = Debug|Any CPU
		{CF84B3A7-2EE7-4208-9CFA-0D2F72DA8C46}.Debug|Any CPU.Build.0 = Debug|Any CPU
		{CF84B3A7-2EE7-4208-9CFA-0D2F72DA8C46}.Release|Any CPU.ActiveCfg = Release|Any CPU
		{CF84B3A7-2EE7-4208-9CFA-0D2F72DA8C46}.Release|Any CPU.Build.0 = Release|Any CPU
		{DDB6B9E8-39B5-4D80-AF01-49157178D7A9}.Debug|Any CPU.ActiveCfg = Debug|Any CPU
		{DDB6B9E8-39B5-4D80-AF01-49157178D7A9}.Debug|Any CPU.Build.0 = Debug|Any CPU
		{DDB6B9E8-39B5-4D80-AF01-49157178D7A9}.Release|Any CPU.ActiveCfg = Release|Any CPU
		{DDB6B9E8-39B5-4D80-AF01-49157178D7A9}.Release|Any CPU.Build.0 = Release|Any CPU
		{C2BD5581-D312-4CC1-828D-83BF33491FCD}.Debug|Any CPU.ActiveCfg = Debug|Any CPU
		{C2BD5581-D312-4CC1-828D-83BF33491FCD}.Debug|Any CPU.Build.0 = Debug|Any CPU
		{C2BD5581-D312-4CC1-828D-83BF33491FCD}.Release|Any CPU.ActiveCfg = Release|Any CPU
		{C2BD5581-D312-4CC1-828D-83BF33491FCD}.Release|Any CPU.Build.0 = Release|Any CPU
		{839DE74E-EC72-41FC-AC60-AE7DF48C0B82}.Debug|Any CPU.ActiveCfg = Debug|Any CPU
		{839DE74E-EC72-41FC-AC60-AE7DF48C0B82}.Debug|Any CPU.Build.0 = Debug|Any CPU
		{839DE74E-EC72-41FC-AC60-AE7DF48C0B82}.Release|Any CPU.ActiveCfg = Release|Any CPU
		{839DE74E-EC72-41FC-AC60-AE7DF48C0B82}.Release|Any CPU.Build.0 = Release|Any CPU
		{F07E8E7D-75AE-47CB-A628-6F612BFADA00}.Debug|Any CPU.ActiveCfg = Debug|Any CPU
		{F07E8E7D-75AE-47CB-A628-6F612BFADA00}.Debug|Any CPU.Build.0 = Debug|Any CPU
		{F07E8E7D-75AE-47CB-A628-6F612BFADA00}.Release|Any CPU.ActiveCfg = Release|Any CPU
		{F07E8E7D-75AE-47CB-A628-6F612BFADA00}.Release|Any CPU.Build.0 = Release|Any CPU
		{2422D7EE-EE47-41ED-95F5-09C233B06E74}.Debug|Any CPU.ActiveCfg = Debug|Any CPU
		{2422D7EE-EE47-41ED-95F5-09C233B06E74}.Debug|Any CPU.Build.0 = Debug|Any CPU
		{2422D7EE-EE47-41ED-95F5-09C233B06E74}.Release|Any CPU.ActiveCfg = Release|Any CPU
		{2422D7EE-EE47-41ED-95F5-09C233B06E74}.Release|Any CPU.Build.0 = Release|Any CPU
		{7B89EE7B-7DD6-4FF7-8820-E4ECAA2EAF8E}.Debug|Any CPU.ActiveCfg = Debug|Any CPU
		{7B89EE7B-7DD6-4FF7-8820-E4ECAA2EAF8E}.Debug|Any CPU.Build.0 = Debug|Any CPU
		{7B89EE7B-7DD6-4FF7-8820-E4ECAA2EAF8E}.Release|Any CPU.ActiveCfg = Release|Any CPU
		{7B89EE7B-7DD6-4FF7-8820-E4ECAA2EAF8E}.Release|Any CPU.Build.0 = Release|Any CPU
		{866D229F-6546-4445-9F4C-7DCF19D1DB94}.Debug|Any CPU.ActiveCfg = Debug|Any CPU
		{866D229F-6546-4445-9F4C-7DCF19D1DB94}.Debug|Any CPU.Build.0 = Debug|Any CPU
		{866D229F-6546-4445-9F4C-7DCF19D1DB94}.Release|Any CPU.ActiveCfg = Release|Any CPU
		{866D229F-6546-4445-9F4C-7DCF19D1DB94}.Release|Any CPU.Build.0 = Release|Any CPU
		{20A83B6F-5165-4938-BF00-4F357CB03C87}.Debug|Any CPU.ActiveCfg = Debug|Any CPU
		{20A83B6F-5165-4938-BF00-4F357CB03C87}.Debug|Any CPU.Build.0 = Debug|Any CPU
		{20A83B6F-5165-4938-BF00-4F357CB03C87}.Release|Any CPU.ActiveCfg = Release|Any CPU
		{20A83B6F-5165-4938-BF00-4F357CB03C87}.Release|Any CPU.Build.0 = Release|Any CPU
		{EB3E5F36-9BE8-4031-A011-0A19E4EDC811}.Debug|Any CPU.ActiveCfg = Debug|Any CPU
		{EB3E5F36-9BE8-4031-A011-0A19E4EDC811}.Debug|Any CPU.Build.0 = Debug|Any CPU
		{EB3E5F36-9BE8-4031-A011-0A19E4EDC811}.Release|Any CPU.ActiveCfg = Release|Any CPU
		{EB3E5F36-9BE8-4031-A011-0A19E4EDC811}.Release|Any CPU.Build.0 = Release|Any CPU
	EndGlobalSection
	GlobalSection(SolutionProperties) = preSolution
		HideSolutionNode = FALSE
	EndGlobalSection
	GlobalSection(NestedProjects) = preSolution
		{CF84B3A7-2EE7-4208-9CFA-0D2F72DA8C46} = {EF0EB3D7-CD7B-4677-91BB-198AFBF7B1DD}
		{DDB6B9E8-39B5-4D80-AF01-49157178D7A9} = {EF0EB3D7-CD7B-4677-91BB-198AFBF7B1DD}
		{839DE74E-EC72-41FC-AC60-AE7DF48C0B82} = {EF0EB3D7-CD7B-4677-91BB-198AFBF7B1DD}
		{866D229F-6546-4445-9F4C-7DCF19D1DB94} = {B217D078-5937-47CF-9CA3-8C5443E7F9BF}
		{20A83B6F-5165-4938-BF00-4F357CB03C87} = {B217D078-5937-47CF-9CA3-8C5443E7F9BF}
		{EB3E5F36-9BE8-4031-A011-0A19E4EDC811} = {EF0EB3D7-CD7B-4677-91BB-198AFBF7B1DD}
	EndGlobalSection
	GlobalSection(ExtensibilityGlobals) = postSolution
		SolutionGuid = {0EA356DC-E454-4B7C-909C-B1CB96C96363}
	EndGlobalSection
EndGlobal
